
Microsoft Visual Studio Solution File, Format Version 12.00
# Visual Studio Version 16
VisualStudioVersion = 16.0.32002.261
MinimumVisualStudioVersion = 10.0.40219.1
Project("{FAE04EC0-301F-11D3-BF4B-00C04F79EFBC}") = "Book_Store", "Book_Store\Book_Store.csproj", "{EAA26D0A-5DF2-4FB0-B9DD-4D7C4ED6AC61}"
EndProject
Global
	GlobalSection(SolutionConfigurationPlatforms) = preSolution
		Debug|Any CPU = Debug|Any CPU
		Release|Any CPU = Release|Any CPU
	EndGlobalSection
	GlobalSection(ProjectConfigurationPlatforms) = postSolution
		{EAA26D0A-5DF2-4FB0-B9DD-4D7C4ED6AC61}.Debug|Any CPU.ActiveCfg = Debug|Any CPU
		{EAA26D0A-5DF2-4FB0-B9DD-4D7C4ED6AC61}.Debug|Any CPU.Build.0 = Debug|Any CPU
		{EAA26D0A-5DF2-4FB0-B9DD-4D7C4ED6AC61}.Release|Any CPU.ActiveCfg = Release|Any CPU
		{EAA26D0A-5DF2-4FB0-B9DD-4D7C4ED6AC61}.Release|Any CPU.Build.0 = Release|Any CPU
	EndGlobalSection
	GlobalSection(SolutionProperties) = preSolution
		HideSolutionNode = FALSE
	EndGlobalSection
	GlobalSection(ExtensibilityGlobals) = postSolution
		SolutionGuid = {DBDF6813-F2E7-4327-871B-9FC25BD9844F}
	EndGlobalSection
EndGlobal
